
Microsoft Visual Studio Solution File, Format Version 12.00
# Visual Studio Version 17
VisualStudioVersion = 17.1.32328.378
MinimumVisualStudioVersion = 10.0.40219.1
Project("{8BC9CEB8-8B4A-11D0-8D11-00A0C91BC942}") = "CourseWork", "CourseWork\CourseWork.vcxproj", "{7F2D02E4-8AA3-4CD0-AD14-4DAB04220550}"
EndProject
Global
	GlobalSection(SolutionConfigurationPlatforms) = preSolution
		Debug|x64 = Debug|x64
		Debug|x86 = Debug|x86
		Release|x64 = Release|x64
		Release|x86 = Release|x86
	EndGlobalSection
	GlobalSection(ProjectConfigurationPlatforms) = postSolution
		{7F2D02E4-8AA3-4CD0-AD14-4DAB04220550}.Debug|x64.ActiveCfg = Debug|x64
		{7F2D02E4-8AA3-4CD0-AD14-4DAB04220550}.Debug|x64.Build.0 = Debug|x64
		{7F2D02E4-8AA3-4CD0-AD14-4DAB04220550}.Debug|x86.ActiveCfg = Debug|Win32
		{7F2D02E4-8AA3-4CD0-AD14-4DAB04220550}.Debug|x86.Build.0 = Debug|Win32
		{7F2D02E4-8AA3-4CD0-AD14-4DAB04220550}.Release|x64.ActiveCfg = Release|x64
		{7F2D02E4-8AA3-4CD0-AD14-4DAB04220550}.Release|x64.Build.0 = Release|x64
		{7F2D02E4-8AA3-4CD0-AD14-4DAB04220550}.Release|x86.ActiveCfg = Release|Win32
		{7F2D02E4-8AA3-4CD0-AD14-4DAB04220550}.Release|x86.Build.0 = Release|Win32
	EndGlobalSection
	GlobalSection(SolutionProperties) = preSolution
		HideSolutionNode = FALSE
	EndGlobalSection
	GlobalSection(ExtensibilityGlobals) = postSolution
		SolutionGuid = {A3A6013F-6A79-49CF-9DDD-26E52FDC322F}
	EndGlobalSection
EndGlobal
